pz-access=faed8a3
pz-dispatcher=4456d22
pz-docs=4dadd13
pz-gateway=c5f2d2e
pz-hello=master
pz-ingest=96f27ec
pz-jobmanager=2f25377
pz-logger=2664cc2
pz-sak=8234868
pz-search-metadata-ingest=5ad7506
pz-search-query=f99dbe4
pz-security=c4c9c7a
pz-servicecontroller=2d6d6ff
pz-swagger=11944fc
pz-uuidgen=da89548
pz-workflow=1060beb
